
Microsoft Visual Studio Solution File, Format Version 12.00
# Visual Studio 15
VisualStudioVersion = 15.0.28307.757
MinimumVisualStudioVersion = 10.0.40219.1
Project("{FAE04EC0-301F-11D3-BF4B-00C04F79EFBC}") = "AngularApi", "AngularApi\AngularApi.csproj", "{03F4EC83-0474-4AF6-B995-83408A80CCEB}"
EndProject
Global
	GlobalSection(SolutionConfigurationPlatforms) = preSolution
		Debug|Any CPU = Debug|Any CPU
		Release|Any CPU = Release|Any CPU
	EndGlobalSection
	GlobalSection(ProjectConfigurationPlatforms) = postSolution
		{03F4EC83-0474-4AF6-B995-83408A80CCEB}.Debug|Any CPU.ActiveCfg = Debug|Any CPU
		{03F4EC83-0474-4AF6-B995-83408A80CCEB}.Debug|Any CPU.Build.0 = Debug|Any CPU
		{03F4EC83-0474-4AF6-B995-83408A80CCEB}.Release|Any CPU.ActiveCfg = Release|Any CPU
		{03F4EC83-0474-4AF6-B995-83408A80CCEB}.Release|Any CPU.Build.0 = Release|Any CPU
	EndGlobalSection
	GlobalSection(SolutionProperties) = preSolution
		HideSolutionNode = FALSE
	EndGlobalSection
	GlobalSection(ExtensibilityGlobals) = postSolution
		SolutionGuid = {679B2678-10ED-4EB2-9C65-156CBAA59B41}
	EndGlobalSection
EndGlobal
